
Microsoft Visual Studio Solution File, Format Version 12.00
# Visual Studio Version 17
VisualStudioVersion = 17.8.34330.188
MinimumVisualStudioVersion = 10.0.40219.1
Project("{2150E333-8FDC-42A3-9474-1A3956D46DE8}") = "RealTest", "RealTest", "{5C5D89F0-9B3E-4554-855A-C6DD168C7EB1}"
EndProject
Project("{8BC9CEB8-8B4A-11D0-8D11-00A0C91BC942}") = "240109_ArrayResize", "240109_ArrayResize\240109_ArrayResize.vcxproj", "{3CA679A3-34ED-4C10-9C6D-6BC2F3CC6D09}"
EndProject
Project("{8BC9CEB8-8B4A-11D0-8D11-00A0C91BC942}") = "ConsoleEngine", "ConsoleEngine\ConsoleEngine.vcxproj", "{16F2CC42-26E3-4631-999D-B76D95CB7AB7}"
EndProject
Project("{8BC9CEB8-8B4A-11D0-8D11-00A0C91BC942}") = "240111_RList", "240111_RList\240111_RList.vcxproj", "{4469B7B6-BC95-4438-A5F6-EACF8AF956AD}"
EndProject
Project("{8BC9CEB8-8B4A-11D0-8D11-00A0C91BC942}") = "240116_SnakeTest", "240116_SnakeTest\SnakeGame.vcxproj", "{CD4CBD5A-1214-415F-85DB-AC4875A53A39}"
EndProject
Global
	GlobalSection(SolutionConfigurationPlatforms) = preSolution
		Debug|x64 = Debug|x64
		Debug|x86 = Debug|x86
		Release|x64 = Release|x64
		Release|x86 = Release|x86
	EndGlobalSection
	GlobalSection(ProjectConfigurationPlatforms) = postSolution
		{3CA679A3-34ED-4C10-9C6D-6BC2F3CC6D09}.Debug|x64.ActiveCfg = Debug|x64
		{3CA679A3-34ED-4C10-9C6D-6BC2F3CC6D09}.Debug|x64.Build.0 = Debug|x64
		{3CA679A3-34ED-4C10-9C6D-6BC2F3CC6D09}.Debug|x86.ActiveCfg = Debug|Win32
		{3CA679A3-34ED-4C10-9C6D-6BC2F3CC6D09}.Debug|x86.Build.0 = Debug|Win32
		{3CA679A3-34ED-4C10-9C6D-6BC2F3CC6D09}.Release|x64.ActiveCfg = Release|x64
		{3CA679A3-34ED-4C10-9C6D-6BC2F3CC6D09}.Release|x64.Build.0 = Release|x64
		{3CA679A3-34ED-4C10-9C6D-6BC2F3CC6D09}.Release|x86.ActiveCfg = Release|Win32
		{3CA679A3-34ED-4C10-9C6D-6BC2F3CC6D09}.Release|x86.Build.0 = Release|Win32
		{16F2CC42-26E3-4631-999D-B76D95CB7AB7}.Debug|x64.ActiveCfg = Debug|x64
		{16F2CC42-26E3-4631-999D-B76D95CB7AB7}.Debug|x64.Build.0 = Debug|x64
		{16F2CC42-26E3-4631-999D-B76D95CB7AB7}.Debug|x86.ActiveCfg = Debug|Win32
		{16F2CC42-26E3-4631-999D-B76D95CB7AB7}.Debug|x86.Build.0 = Debug|Win32
		{16F2CC42-26E3-4631-999D-B76D95CB7AB7}.Release|x64.ActiveCfg = Release|x64
		{16F2CC42-26E3-4631-999D-B76D95CB7AB7}.Release|x64.Build.0 = Release|x64
		{16F2CC42-26E3-4631-999D-B76D95CB7AB7}.Release|x86.ActiveCfg = Release|Win32
		{16F2CC42-26E3-4631-999D-B76D95CB7AB7}.Release|x86.Build.0 = Release|Win32
		{4469B7B6-BC95-4438-A5F6-EACF8AF956AD}.Debug|x64.ActiveCfg = Debug|x64
		{4469B7B6-BC95-4438-A5F6-EACF8AF956AD}.Debug|x64.Build.0 = Debug|x64
		{4469B7B6-BC95-4438-A5F6-EACF8AF956AD}.Debug|x86.ActiveCfg = Debug|Win32
		{4469B7B6-BC95-4438-A5F6-EACF8AF956AD}.Debug|x86.Build.0 = Debug|Win32
		{4469B7B6-BC95-4438-A5F6-EACF8AF956AD}.Release|x64.ActiveCfg = Release|x64
		{4469B7B6-BC95-4438-A5F6-EACF8AF956AD}.Release|x64.Build.0 = Release|x64
		{4469B7B6-BC95-4438-A5F6-EACF8AF956AD}.Release|x86.ActiveCfg = Release|Win32
		{4469B7B6-BC95-4438-A5F6-EACF8AF956AD}.Release|x86.Build.0 = Release|Win32
		{CD4CBD5A-1214-415F-85DB-AC4875A53A39}.Debug|x64.ActiveCfg = Debug|x64
		{CD4CBD5A-1214-415F-85DB-AC4875A53A39}.Debug|x64.Build.0 = Debug|x64
		{CD4CBD5A-1214-415F-85DB-AC4875A53A39}.Debug|x86.ActiveCfg = Debug|Win32
		{CD4CBD5A-1214-415F-85DB-AC4875A53A39}.Debug|x86.Build.0 = Debug|Win32
		{CD4CBD5A-1214-415F-85DB-AC4875A53A39}.Release|x64.ActiveCfg = Release|x64
		{CD4CBD5A-1214-415F-85DB-AC4875A53A39}.Release|x64.Build.0 = Release|x64
		{CD4CBD5A-1214-415F-85DB-AC4875A53A39}.Release|x86.ActiveCfg = Release|Win32
		{CD4CBD5A-1214-415F-85DB-AC4875A53A39}.Release|x86.Build.0 = Release|Win32
	EndGlobalSection
	GlobalSection(SolutionProperties) = preSolution
		HideSolutionNode = FALSE
	EndGlobalSection
	GlobalSection(NestedProjects) = preSolution
		{3CA679A3-34ED-4C10-9C6D-6BC2F3CC6D09} = {5C5D89F0-9B3E-4554-855A-C6DD168C7EB1}
		{16F2CC42-26E3-4631-999D-B76D95CB7AB7} = {5C5D89F0-9B3E-4554-855A-C6DD168C7EB1}
		{4469B7B6-BC95-4438-A5F6-EACF8AF956AD} = {5C5D89F0-9B3E-4554-855A-C6DD168C7EB1}
		{CD4CBD5A-1214-415F-85DB-AC4875A53A39} = {5C5D89F0-9B3E-4554-855A-C6DD168C7EB1}
	EndGlobalSection
	GlobalSection(ExtensibilityGlobals) = postSolution
		SolutionGuid = {8F986BC2-0662-46C2-83E2-EB345CEB678A}
	EndGlobalSection
EndGlobal
